{
  "name": "TestWidget",
  "version": "1.0.0",
  "lockfileVersion": 1,
  "requires": true,
  "dependencies": {
    "@figma/plugin-typings": {
      "version": "1.39.1",
      "resolved": "https://registry.npmjs.org/@figma/plugin-typings/-/plugin-typings-1.39.1.tgz",
      "integrity": "sha512-N5gBH0C6E1xaKz4dbcQMbGc7SU8k02yDQVv0eVWNPQu5w+Wd8a43Qy5uthlshbFXzBzmkay7gtGo1GkiahMzoQ==",
      "dev": true
    },
    "@figma/widget-typings": {
      "version": "1.0.3",
      "resolved": "https://registry.npmjs.org/@figma/widget-typings/-/widget-typings-1.0.3.tgz",
      "integrity": "sha512-U+Soes4ICacHs/BdDTmxzdn4YoNOzBfca+UbaqnGB9DEP+Kpxcx9q00RmHoat36ZhlZ6rc1Vk7bug0RZVjmpbQ==",
      "dev": true
    },
    "prettier": {
      "version": "2.4.1",
      "resolved": "https://registry.npmjs.org/prettier/-/prettier-2.4.1.tgz",
      "integrity": "sha512-9fbDAXSBcc6Bs1mZrDYb3XKzDLm4EXXL9sC1LqKP5rZkT6KRr/rf9amVUcODVXgguK/isJz0d0hP72WeaKWsvA==",
      "dev": true
    },
    "typescript": {
      "version": "4.5.2",
      "resolved": "https://registry.npmjs.org/typescript/-/typescript-4.5.2.tgz",
      "integrity": "sha512-5BlMof9H1yGt0P8/WF+wPNw6GfctgGjXp5hkblpyT+8rkASSmkUKMXrxR0Xg8ThVCi/JnHQiKXeBaEwCeQwMFw==",
      "dev": true
    }
  }
}
